{
  "version": 4,
  "terraform_version": "1.4.2",
  "serial": 21,
  "lineage": "20fe95b7-dcba-7289-ff73-fe0ba87ea1f1",
  "outputs": {},
  "resources": [
    {
      "mode": "managed",
      "type": "local_file",
      "name": "human",
      "provider": "provider[\"registry.terraform.io/hashicorp/local\"]",
      "instances": [
        {
          "schema_version": 0,
          "attributes": {
            "content": "Hello! I am a human being",
            "content_base64": null,
            "content_base64sha256": "PtD8+SO1+xQ0so9cS0hF6vrC/wV66MmJdmY3IPVlIFA=",
            "content_base64sha512": "pT2IObO/kRhJSp7Q52Stl9x0Sqyvz/QeeLeum8tJLoT/REj7q7WwV5ffgO0wNg4AONXXCZ4z+MnAQ1/vVubSPg==",
            "content_md5": "a64490d95349b4d6d91cea939a27877d",
            "content_sha1": "391a91d0e81f2e272fd2888b9ec19d01d127a4a1",
            "content_sha256": "3ed0fcf923b5fb1434b28f5c4b4845eafac2ff057ae8c98976663720f5652050",
            "content_sha512": "a53d8839b3bf9118494a9ed0e764ad97dc744aacafcff41e78b7ae9bcb492e84ff4448fbabb5b05797df80ed30360e0038d5d7099e33f8c9c0435fef56e6d23e",
            "directory_permission": "0777",
            "file_permission": "0777",
            "filename": "/tmp/human.txt",
            "id": "391a91d0e81f2e272fd2888b9ec19d01d127a4a1",
            "sensitive_content": null,
            "source": null
          },
          "sensitive_attributes": []
        }
      ]
    },
    {
      "mode": "managed",
      "type": "local_file",
      "name": "human2",
      "provider": "provider[\"registry.terraform.io/hashicorp/local\"]",
      "instances": [
        {
          "schema_version": 0,
          "attributes": {
            "content": "\u003ch1\u003eMayank Lakhina\u003c/h1\u003e",
            "content_base64": null,
            "content_base64sha256": "kOkVeH8IFkkzGPa/zAC6qIXbTKH5HSJalI5vKk9o31k=",
            "content_base64sha512": "kjvD0Cocuiylf2y+K8jN/6eTD1P6nIdz7lWOUn2669X11cqaSrtc1nSBMZXhlYVfnI4Zy6KPGIosaRd/xLCI/g==",
            "content_md5": "44ad77dc28c67f0c857751898a4fccd2",
            "content_sha1": "34170fa6b26b358771c3d35d7684bf0391495696",
            "content_sha256": "90e915787f0816493318f6bfcc00baa885db4ca1f91d225a948e6f2a4f68df59",
            "content_sha512": "923bc3d02a1cba2ca57f6cbe2bc8cdffa7930f53fa9c8773ee558e527dbaebd5f5d5ca9a4abb5cd674813195e195855f9c8e19cba28f188a2c69177fc4b088fe",
            "directory_permission": "0777",
            "file_permission": "0777",
            "filename": "index.html",
            "id": "34170fa6b26b358771c3d35d7684bf0391495696",
            "sensitive_content": null,
            "source": null
          },
          "sensitive_attributes": []
        }
      ]
    },
    {
      "mode": "managed",
      "type": "local_file",
      "name": "name",
      "provider": "provider[\"registry.terraform.io/hashicorp/local\"]",
      "instances": [
        {
          "schema_version": 0,
          "attributes": {
            "content": "x = [1, 2, 3, 4, 5]",
            "content_base64": null,
            "content_base64sha256": "rAWCg8IfOQpffoGx1aqsVRmwiJ7TfKSkaF+h6/dkNmU=",
            "content_base64sha512": "Gds7mRalIaImw66BRTvgAvDHZfOnbvuTiFggKsWxYI40RUedIBaVgkkWhdUr9QkiDmEkG7HqVcSGHKrKP/cuEQ==",
            "content_md5": "35bd66e14edd7598db763b18e8641183",
            "content_sha1": "0f9a250ca7fcc5849f41734da3a0f717127d73e3",
            "content_sha256": "ac058283c21f390a5f7e81b1d5aaac5519b0889ed37ca4a4685fa1ebf7643665",
            "content_sha512": "19db3b9916a521a226c3ae81453be002f0c765f3a76efb938858202ac5b1608e3445479d20169582491685d52bf509220e61241bb1ea55c4861caaca3ff72e11",
            "directory_permission": "0777",
            "file_permission": "0777",
            "filename": "/tmp/name.py",
            "id": "0f9a250ca7fcc5849f41734da3a0f717127d73e3",
            "sensitive_content": null,
            "source": null
          },
          "sensitive_attributes": []
        }
      ]
    },
    {
      "mode": "managed",
      "type": "local_file",
      "name": "script",
      "provider": "provider[\"registry.terraform.io/hashicorp/local\"]",
      "instances": [
        {
          "schema_version": 0,
          "attributes": {
            "content": "var a = 10; console.log(a)",
            "content_base64": null,
            "content_base64sha256": "MbObcQwhWkc+826FpLM1Fnrh3yAt5CPGhZcYE+LgoLs=",
            "content_base64sha512": "kBsemijdUNaPpGyqdA8Y4rKU9dzZqTp1DBJrhkFID2asoOwcnTRYM41ndraVHGHGmMyqtxhfeFy8tYhFpJ+gqA==",
            "content_md5": "f9a430c7abaa35366b96ef48250bd1c2",
            "content_sha1": "cda8fe4b861f9952596e6e8ef78d3d25e7c74562",
            "content_sha256": "31b39b710c215a473ef36e85a4b335167ae1df202de423c685971813e2e0a0bb",
            "content_sha512": "901b1e9a28dd50d68fa46caa740f18e2b294f5dcd9a93a750c126b8641480f66aca0ec1c9d3458338d6776b6951c61c698ccaab7185f785cbcb58845a49fa0a8",
            "directory_permission": "0777",
            "file_permission": "0777",
            "filename": "script.js",
            "id": "cda8fe4b861f9952596e6e8ef78d3d25e7c74562",
            "sensitive_content": null,
            "source": null
          },
          "sensitive_attributes": []
        }
      ]
    }
  ],
  "check_results": null
}
